
Microsoft Visual Studio Solution File, Format Version 12.00
# Visual Studio Version 16
VisualStudioVersion = 16.0.33423.256
MinimumVisualStudioVersion = 10.0.40219.1
Project("{FAE04EC0-301F-11D3-BF4B-00C04F79EFBC}") = "LoanValidation.Api", "LoanValidation.Api\LoanValidation.Api.csproj", "{CD3EF6BE-D865-4602-B77F-66B7A0A76A5D}"
EndProject
Project("{FAE04EC0-301F-11D3-BF4B-00C04F79EFBC}") = "LoanValidation.Domain", "LoanValidation.Domain\LoanValidation.Domain.csproj", "{27026195-5111-4883-8CCF-E265067F4D52}"
EndProject
Project("{FAE04EC0-301F-11D3-BF4B-00C04F79EFBC}") = "LoanValidation.Services", "LoanValidation.Services\LoanValidation.Services.csproj", "{C66DB7C6-C0FF-4CE1-9885-BFFF2AD94586}"
EndProject
Project("{FAE04EC0-301F-11D3-BF4B-00C04F79EFBC}") = "LoanValidation.Tests", "LoanValidation.Tests\LoanValidation.Tests.csproj", "{C2D9B6D2-9121-422A-B11D-3D6E09787266}"
EndProject
Global
	GlobalSection(SolutionConfigurationPlatforms) = preSolution
		Debug|Any CPU = Debug|Any CPU
		Release|Any CPU = Release|Any CPU
	EndGlobalSection
	GlobalSection(ProjectConfigurationPlatforms) = postSolution
		{CD3EF6BE-D865-4602-B77F-66B7A0A76A5D}.Debug|Any CPU.ActiveCfg = Debug|Any CPU
		{CD3EF6BE-D865-4602-B77F-66B7A0A76A5D}.Debug|Any CPU.Build.0 = Debug|Any CPU
		{CD3EF6BE-D865-4602-B77F-66B7A0A76A5D}.Release|Any CPU.ActiveCfg = Release|Any CPU
		{CD3EF6BE-D865-4602-B77F-66B7A0A76A5D}.Release|Any CPU.Build.0 = Release|Any CPU
		{27026195-5111-4883-8CCF-E265067F4D52}.Debug|Any CPU.ActiveCfg = Debug|Any CPU
		{27026195-5111-4883-8CCF-E265067F4D52}.Debug|Any CPU.Build.0 = Debug|Any CPU
		{27026195-5111-4883-8CCF-E265067F4D52}.Release|Any CPU.ActiveCfg = Release|Any CPU
		{27026195-5111-4883-8CCF-E265067F4D52}.Release|Any CPU.Build.0 = Release|Any CPU
		{C66DB7C6-C0FF-4CE1-9885-BFFF2AD94586}.Debug|Any CPU.ActiveCfg = Debug|Any CPU
		{C66DB7C6-C0FF-4CE1-9885-BFFF2AD94586}.Debug|Any CPU.Build.0 = Debug|Any CPU
		{C66DB7C6-C0FF-4CE1-9885-BFFF2AD94586}.Release|Any CPU.ActiveCfg = Release|Any CPU
		{C66DB7C6-C0FF-4CE1-9885-BFFF2AD94586}.Release|Any CPU.Build.0 = Release|Any CPU
		{C2D9B6D2-9121-422A-B11D-3D6E09787266}.Debug|Any CPU.ActiveCfg = Debug|Any CPU
		{C2D9B6D2-9121-422A-B11D-3D6E09787266}.Debug|Any CPU.Build.0 = Debug|Any CPU
		{C2D9B6D2-9121-422A-B11D-3D6E09787266}.Release|Any CPU.ActiveCfg = Release|Any CPU
		{C2D9B6D2-9121-422A-B11D-3D6E09787266}.Release|Any CPU.Build.0 = Release|Any CPU
	EndGlobalSection
	GlobalSection(SolutionProperties) = preSolution
		HideSolutionNode = FALSE
	EndGlobalSection
	GlobalSection(ExtensibilityGlobals) = postSolution
		SolutionGuid = {A958C41A-2343-4D61-BE68-FB89F4EDBC81}
	EndGlobalSection
EndGlobal
